
Microsoft Visual Studio Solution File, Format Version 12.00
# Visual Studio Version 17
VisualStudioVersion = 17.1.32328.378
MinimumVisualStudioVersion = 10.0.40219.1
Project("{9A19103F-16F7-4668-BE54-9A1E7A4F7556}") = "Jibit", "Jibit\Jibit.csproj", "{FCCDB136-57EB-460E-B31B-6A1650701589}"
EndProject
Global
	GlobalSection(SolutionConfigurationPlatforms) = preSolution
		Debug|Any CPU = Debug|Any CPU
		Release|Any CPU = Release|Any CPU
	EndGlobalSection
	GlobalSection(ProjectConfigurationPlatforms) = postSolution
		{FCCDB136-57EB-460E-B31B-6A1650701589}.Debug|Any CPU.ActiveCfg = Debug|Any CPU
		{FCCDB136-57EB-460E-B31B-6A1650701589}.Debug|Any CPU.Build.0 = Debug|Any CPU
		{FCCDB136-57EB-460E-B31B-6A1650701589}.Release|Any CPU.ActiveCfg = Release|Any CPU
		{FCCDB136-57EB-460E-B31B-6A1650701589}.Release|Any CPU.Build.0 = Release|Any CPU
	EndGlobalSection
	GlobalSection(SolutionProperties) = preSolution
		HideSolutionNode = FALSE
	EndGlobalSection
	GlobalSection(ExtensibilityGlobals) = postSolution
		SolutionGuid = {C3ACADE6-EBB3-4238-A618-96F0C809BFC3}
	EndGlobalSection
EndGlobal
